// !$*UTF8*$!
{
	archiveVersion = 1;
	classes = {
	};
	objectVersion = 50;
	objects = {

/* Begin PBXBuildFile section */
		BAA2C44325C70364000FAB93 /* AppDelegate.swift in Sources */ = {isa = PBXBuildFile; fileRef = BAA2C44225C70364000FAB93 /* AppDelegate.swift */; };
		BAA2C44525C70364000FAB93 /* SceneDelegate.swift in Sources */ = {isa = PBXBuildFile; fileRef = BAA2C44425C70364000FAB93 /* SceneDelegate.swift */; };
		BAA2C44725C70364000FAB93 /* ViewController.swift in Sources */ = {isa = PBXBuildFile; fileRef = BAA2C44625C70364000FAB93 /* ViewController.swift */; };
		BAA2C44A25C70364000FAB93 /* Main.storyboard in Resources */ = {isa = PBXBuildFile; fileRef = BAA2C44825C70364000FAB93 /* Main.storyboard */; };
		BAA2C44C25C70365000FAB93 /* Assets.xcassets in Resources */ = {isa = PBXBuildFile; fileRef = BAA2C44B25C70365000FAB93 /* Assets.xcassets */; };
		BAA2C44F25C70365000FAB93 /* LaunchScreen.storyboard in Resources */ = {isa = PBXBuildFile; fileRef = BAA2C44D25C70365000FAB93 /* LaunchScreen.storyboard */; };
		BAA2C45A25C70365000FAB93 /* MVVMTests.swift in Sources */ = {isa = PBXBuildFile; fileRef = BAA2C45925C70365000FAB93 /* MVVMTests.swift */; };
		BAA2C46525C70365000FAB93 /* MVVMUITests.swift in Sources */ = {isa = PBXBuildFile; fileRef = BAA2C46425C70365000FAB93 /* MVVMUITests.swift */; };
/* End PBXBuildFile section */

/* Begin PBXContainerItemProxy section */
		BAA2C45625C70365000FAB93 /* PBXContainerItemProxy */ = {
			isa = PBXContainerItemProxy;
			containerPortal = BAA2C43725C70364000FAB93 /* Project object */;
			proxyType = 1;
			remoteGlobalIDString = BAA2C43E25C70364000FAB93;
			remoteInfo = MVVM;
		};
		BAA2C46125C70365000FAB93 /* PBXContainerItemProxy */ = {
			isa = PBXContainerItemProxy;
			containerPortal = BAA2C43725C70364000FAB93 /* Project object */;
			proxyType = 1;
			remoteGlobalIDString = BAA2C43E25C70364000FAB93;
			remoteInfo = MVVM;
		};
/* End PBXContainerItemProxy section */

/* Begin PBXFileReference section */
		BAA2C43F25C70364000FAB93 /* MVVM.app */ = {isa = PBXFileReference; explicitFileType = wrapper.application; includeInIndex = 0; path = MVVM.app; sourceTree = BUILT_PRODUCTS_DIR; };
		BAA2C44225C70364000FAB93 /* AppDelegate.swift */ = {isa = PBXFileReference; lastKnownFileType = sourcecode.swift; path = AppDelegate.swift; sourceTree = "<group>"; };
		BAA2C44425C70364000FAB93 /* SceneDelegate.swift */ = {isa = PBXFileReference; lastKnownFileType = sourcecode.swift; path = SceneDelegate.swift; sourceTree = "<group>"; };
		BAA2C44625C70364000FAB93 /* ViewController.swift */ = {isa = PBXFileReference; lastKnownFileType = sourcecode.swift; path = ViewController.swift; sourceTree = "<group>"; };
		BAA2C44925C70364000FAB93 /* Base */ = {isa = PBXFileReference; lastKnownFileType = file.storyboard; name = Base; path = Base.lproj/Main.storyboard; sourceTree = "<group>"; };
		BAA2C44B25C70365000FAB93 /* Assets.xcassets */ = {isa = PBXFileReference; lastKnownFileType = folder.assetcatalog; path = Assets.xcassets; sourceTree = "<group>"; };
		BAA2C44E25C70365000FAB93 /* Base */ = {isa = PBXFileReference; lastKnownFileType = file.storyboard; name = Base; path = Base.lproj/LaunchScreen.storyboard; sourceTree = "<group>"; };
		BAA2C45025C70365000FAB93 /* Info.plist */ = {isa = PBXFileReference; lastKnownFileType = text.plist.xml; path = Info.plist; sourceTree = "<group>"; };
		BAA2C45525C70365000FAB93 /* MVVMTests.xctest */ = {isa = PBXFileReference; explicitFileType = wrapper.cfbundle; includeInIndex = 0; path = MVVMTests.xctest; sourceTree = BUILT_PRODUCTS_DIR; };
		BAA2C45925C70365000FAB93 /* MVVMTests.swift */ = {isa = PBXFileReference; lastKnownFileType = sourcecode.swift; path = MVVMTests.swift; sourceTree = "<group>"; };
		BAA2C45B25C70365000FAB93 /* Info.plist */ = {isa = PBXFileReference; lastKnownFileType = text.plist.xml; path = Info.plist; sourceTree = "<group>"; };
		BAA2C46025C70365000FAB93 /* MVVMUITests.xctest */ = {isa = PBXFileReference; explicitFileType = wrapper.cfbundle; includeInIndex = 0; path = MVVMUITests.xctest; sourceTree = BUILT_PRODUCTS_DIR; };
		BAA2C46425C70365000FAB93 /* MVVMUITests.swift */ = {isa = PBXFileReference; lastKnownFileType = sourcecode.swift; path = MVVMUITests.swift; sourceTree = "<group>"; };
		BAA2C46625C70365000FAB93 /* Info.plist */ = {isa = PBXFileReference; lastKnownFileType = text.plist.xml; path = Info.plist; sourceTree = "<group>"; };
/* End PBXFileReference section */

/* Begin PBXFrameworksBuildPhase section */
		BAA2C43C25C70364000FAB93 /* Frameworks */ = {
			isa = PBXFrameworksBuildPhase;
			buildActionMask = 2147483647;
			files = (
			);
			runOnlyForDeploymentPostprocessing = 0;
		};
		BAA2C45225C70365000FAB93 /* Frameworks */ = {
			isa = PBXFrameworksBuildPhase;
			buildActionMask = 2147483647;
			files = (
			);
			runOnlyForDeploymentPostprocessing = 0;
		};
		BAA2C45D25C70365000FAB93 /* Frameworks */ = {
			isa = PBXFrameworksBuildPhase;
			buildActionMask = 2147483647;
			files = (
			);
			runOnlyForDeploymentPostprocessing = 0;
		};
/* End PBXFrameworksBuildPhase section */

/* Begin PBXGroup section */
		BAA2C43625C70364000FAB93 = {
			isa = PBXGroup;
			children = (
				BAA2C44125C70364000FAB93 /* MVVM */,
				BAA2C45825C70365000FAB93 /* MVVMTests */,
				BAA2C46325C70365000FAB93 /* MVVMUITests */,
				BAA2C44025C70364000FAB93 /* Products */,
			);
			sourceTree = "<group>";
		};
		BAA2C44025C70364000FAB93 /* Products */ = {
			isa = PBXGroup;
			children = (
				BAA2C43F25C70364000FAB93 /* MVVM.app */,
				BAA2C45525C70365000FAB93 /* MVVMTests.xctest */,
				BAA2C46025C70365000FAB93 /* MVVMUITests.xctest */,
			);
			name = Products;
			sourceTree = "<group>";
		};
		BAA2C44125C70364000FAB93 /* MVVM */ = {
			isa = PBXGroup;
			children = (
				BAA2C44225C70364000FAB93 /* AppDelegate.swift */,
				BAA2C44425C70364000FAB93 /* SceneDelegate.swift */,
				BAA2C44625C70364000FAB93 /* ViewController.swift */,
				BAA2C44825C70364000FAB93 /* Main.storyboard */,
				BAA2C44B25C70365000FAB93 /* Assets.xcassets */,
				BAA2C44D25C70365000FAB93 /* LaunchScreen.storyboard */,
				BAA2C45025C70365000FAB93 /* Info.plist */,
			);
			path = MVVM;
			sourceTree = "<group>";
		};
		BAA2C45825C70365000FAB93 /* MVVMTests */ = {
			isa = PBXGroup;
			children = (
				BAA2C45925C70365000FAB93 /* MVVMTests.swift */,
				BAA2C45B25C70365000FAB93 /* Info.plist */,
			);
			path = MVVMTests;
			sourceTree = "<group>";
		};
		BAA2C46325C70365000FAB93 /* MVVMUITests */ = {
			isa = PBXGroup;
			children = (
				BAA2C46425C70365000FAB93 /* MVVMUITests.swift */,
				BAA2C46625C70365000FAB93 /* Info.plist */,
			);
			path = MVVMUITests;
			sourceTree = "<group>";
		};
/* End PBXGroup section */

/* Begin PBXNativeTarget section */
		BAA2C43E25C70364000FAB93 /* MVVM */ = {
			isa = PBXNativeTarget;
			buildConfigurationList = BAA2C46925C70365000FAB93 /* Build configuration list for PBXNativeTarget "MVVM" */;
			buildPhases = (
				BAA2C43B25C70364000FAB93 /* Sources */,
				BAA2C43C25C70364000FAB93 /* Frameworks */,
				BAA2C43D25C70364000FAB93 /* Resources */,
			);
			buildRules = (
			);
			dependencies = (
			);
			name = MVVM;
			productName = MVVM;
			productReference = BAA2C43F25C70364000FAB93 /* MVVM.app */;
			productType = "com.apple.product-type.application";
		};
		BAA2C45425C70365000FAB93 /* MVVMTests */ = {
			isa = PBXNativeTarget;
			buildConfigurationList = BAA2C46C25C70365000FAB93 /* Build configuration list for PBXNativeTarget "MVVMTests" */;
			buildPhases = (
				BAA2C45125C70365000FAB93 /* Sources */,
				BAA2C45225C70365000FAB93 /* Frameworks */,
				BAA2C45325C70365000FAB93 /* Resources */,
			);
			buildRules = (
			);
			dependencies = (
				BAA2C45725C70365000FAB93 /* PBXTargetDependency */,
			);
			name = MVVMTests;
			productName = MVVMTests;
			productReference = BAA2C45525C70365000FAB93 /* MVVMTests.xctest */;
			productType = "com.apple.product-type.bundle.unit-test";
		};
		BAA2C45F25C70365000FAB93 /* MVVMUITests */ = {
			isa = PBXNativeTarget;
			buildConfigurationList = BAA2C46F25C70365000FAB93 /* Build configuration list for PBXNativeTarget "MVVMUITests" */;
			buildPhases = (
				BAA2C45C25C70365000FAB93 /* Sources */,
				BAA2C45D25C70365000FAB93 /* Frameworks */,
				BAA2C45E25C70365000FAB93 /* Resources */,
			);
			buildRules = (
			);
			dependencies = (
				BAA2C46225C70365000FAB93 /* PBXTargetDependency */,
			);
			name = MVVMUITests;
			productName = MVVMUITests;
			productReference = BAA2C46025C70365000FAB93 /* MVVMUITests.xctest */;
			productType = "com.apple.product-type.bundle.ui-testing";
		};
/* End PBXNativeTarget section */

/* Begin PBXProject section */
		BAA2C43725C70364000FAB93 /* Project object */ = {
			isa = PBXProject;
			attributes = {
				LastSwiftUpdateCheck = 1230;
				LastUpgradeCheck = 1230;
				TargetAttributes = {
					BAA2C43E25C70364000FAB93 = {
						CreatedOnToolsVersion = 12.3;
					};
					BAA2C45425C70365000FAB93 = {
						CreatedOnToolsVersion = 12.3;
						TestTargetID = BAA2C43E25C70364000FAB93;
					};
					BAA2C45F25C70365000FAB93 = {
						CreatedOnToolsVersion = 12.3;
						TestTargetID = BAA2C43E25C70364000FAB93;
					};
				};
			};
			buildConfigurationList = BAA2C43A25C70364000FAB93 /* Build configuration list for PBXProject "MVVM" */;
			compatibilityVersion = "Xcode 9.3";
			developmentRegion = en;
			hasScannedForEncodings = 0;
			knownRegions = (
				en,
				Base,
			);
			mainGroup = BAA2C43625C70364000FAB93;
			productRefGroup = BAA2C44025C70364000FAB93 /* Products */;
			projectDirPath = "";
			projectRoot = "";
			targets = (
				BAA2C43E25C70364000FAB93 /* MVVM */,
				BAA2C45425C70365000FAB93 /* MVVMTests */,
				BAA2C45F25C70365000FAB93 /* MVVMUITests */,
			);
		};
/* End PBXProject section */

/* Begin PBXResourcesBuildPhase section */
		BAA2C43D25C70364000FAB93 /* Resources */ = {
			isa = PBXResourcesBuildPhase;
			buildActionMask = 2147483647;
			files = (
				BAA2C44F25C70365000FAB93 /* LaunchScreen.storyboard in Resources */,
				BAA2C44C25C70365000FAB93 /* Assets.xcassets in Resources */,
				BAA2C44A25C70364000FAB93 /* Main.storyboard in Resources */,
			);
			runOnlyForDeploymentPostprocessing = 0;
		};
		BAA2C45325C70365000FAB93 /* Resources */ = {
			isa = PBXResourcesBuildPhase;
			buildActionMask = 2147483647;
			files = (
			);
			runOnlyForDeploymentPostprocessing = 0;
		};
		BAA2C45E25C70365000FAB93 /* Resources */ = {
			isa = PBXResourcesBuildPhase;
			buildActionMask = 2147483647;
			files = (
			);
			runOnlyForDeploymentPostprocessing = 0;
		};
/* End PBXResourcesBuildPhase section */

/* Begin PBXSourcesBuildPhase section */
		BAA2C43B25C70364000FAB93 /* Sources */ = {
			isa = PBXSourcesBuildPhase;
			buildActionMask = 2147483647;
			files = (
				BAA2C44725C70364000FAB93 /* ViewController.swift in Sources */,
				BAA2C44325C70364000FAB93 /* AppDelegate.swift in Sources */,
				BAA2C44525C70364000FAB93 /* SceneDelegate.swift in Sources */,
			);
			runOnlyForDeploymentPostprocessing = 0;
		};
		BAA2C45125C70365000FAB93 /* Sources */ = {
			isa = PBXSourcesBuildPhase;
			buildActionMask = 2147483647;
			files = (
				BAA2C45A25C70365000FAB93 /* MVVMTests.swift in Sources */,
			);
			runOnlyForDeploymentPostprocessing = 0;
		};
		BAA2C45C25C70365000FAB93 /* Sources */ = {
			isa = PBXSourcesBuildPhase;
			buildActionMask = 2147483647;
			files = (
				BAA2C46525C70365000FAB93 /* MVVMUITests.swift in Sources */,
			);
			runOnlyForDeploymentPostprocessing = 0;
		};
/* End PBXSourcesBuildPhase section */

/* Begin PBXTargetDependency section */
		BAA2C45725C70365000FAB93 /* PBXTargetDependency */ = {
			isa = PBXTargetDependency;
			target = BAA2C43E25C70364000FAB93 /* MVVM */;
			targetProxy = BAA2C45625C70365000FAB93 /* PBXContainerItemProxy */;
		};
		BAA2C46225C70365000FAB93 /* PBXTargetDependency */ = {
			isa = PBXTargetDependency;
			target = BAA2C43E25C70364000FAB93 /* MVVM */;
			targetProxy = BAA2C46125C70365000FAB93 /* PBXContainerItemProxy */;
		};
/* End PBXTargetDependency section */

/* Begin PBXVariantGroup section */
		BAA2C44825C70364000FAB93 /* Main.storyboard */ = {
			isa = PBXVariantGroup;
			children = (
				BAA2C44925C70364000FAB93 /* Base */,
			);
			name = Main.storyboard;
			sourceTree = "<group>";
		};
		BAA2C44D25C70365000FAB93 /* LaunchScreen.storyboard */ = {
			isa = PBXVariantGroup;
			children = (
				BAA2C44E25C70365000FAB93 /* Base */,
			);
			name = LaunchScreen.storyboard;
			sourceTree = "<group>";
		};
/* End PBXVariantGroup section */

/* Begin XCBuildConfiguration section */
		BAA2C46725C70365000FAB93 /* Debug */ = {
			isa = XCBuildConfiguration;
			buildSettings = {
				ALWAYS_SEARCH_USER_PATHS = NO;
				CLANG_ANALYZER_NONNULL = YES;
				CLANG_ANALYZER_NUMBER_OBJECT_CONVERSION = YES_AGGRESSIVE;
				CLANG_CXX_LANGUAGE_STANDARD = "gnu++14";
				CLANG_CXX_LIBRARY = "libc++";
				CLANG_ENABLE_MODULES = YES;
				CLANG_ENABLE_OBJC_ARC = YES;
				CLANG_ENABLE_OBJC_WEAK = YES;
				CLANG_WARN_BLOCK_CAPTURE_AUTORELEASING = YES;
				CLANG_WARN_BOOL_CONVERSION = YES;
				CLANG_WARN_COMMA = YES;
				CLANG_WARN_CONSTANT_CONVERSION = YES;
				CLANG_WARN_DEPRECATED_OBJC_IMPLEMENTATIONS = YES;
				CLANG_WARN_DIRECT_OBJC_ISA_USAGE = YES_ERROR;
				CLANG_WARN_DOCUMENTATION_COMMENTS = YES;
				CLANG_WARN_EMPTY_BODY = YES;
				CLANG_WARN_ENUM_CONVERSION = YES;
				CLANG_WARN_INFINITE_RECURSION = YES;
				CLANG_WARN_INT_CONVERSION = YES;
				CLANG_WARN_NON_LITERAL_NULL_CONVERSION = YES;
				CLANG_WARN_OBJC_IMPLICIT_RETAIN_SELF = YES;
				CLANG_WARN_OBJC_LITERAL_CONVERSION = YES;
				CLANG_WARN_OBJC_ROOT_CLASS = YES_ERROR;
				CLANG_WARN_QUOTED_INCLUDE_IN_FRAMEWORK_HEADER = YES;
				CLANG_WARN_RANGE_LOOP_ANALYSIS = YES;
				CLANG_WARN_STRICT_PROTOTYPES = YES;
				CLANG_WARN_SUSPICIOUS_MOVE = YES;
				CLANG_WARN_UNGUARDED_AVAILABILITY = YES_AGGRESSIVE;
				CLANG_WARN_UNREACHABLE_CODE = YES;
				CLANG_WARN__DUPLICATE_METHOD_MATCH = YES;
				COPY_PHASE_STRIP = NO;
				DEBUG_INFORMATION_FORMAT = dwarf;
				ENABLE_STRICT_OBJC_MSGSEND = YES;
				ENABLE_TESTABILITY = YES;
				GCC_C_LANGUAGE_STANDARD = gnu11;
				GCC_DYNAMIC_NO_PIC = NO;
				GCC_NO_COMMON_BLOCKS = YES;
				GCC_OPTIMIZATION_LEVEL = 0;
				GCC_PREPROCESSOR_DEFINITIONS = (
					"DEBUG=1",
					"$(inherited)",
				);
				GCC_WARN_64_TO_32_BIT_CONVERSION = YES;
				GCC_WARN_ABOUT_RETURN_TYPE = YES_ERROR;
				GCC_WARN_UNDECLARED_SELECTOR = YES;
				GCC_WARN_UNINITIALIZED_AUTOS = YES_AGGRESSIVE;
				GCC_WARN_UNUSED_FUNCTION = YES;
				GCC_WARN_UNUSED_VARIABLE = YES;
				IPHONEOS_DEPLOYMENT_TARGET = 14.3;
				MTL_ENABLE_DEBUG_INFO = INCLUDE_SOURCE;
				MTL_FAST_MATH = YES;
				ONLY_ACTIVE_ARCH = YES;
				SDKROOT = iphoneos;
				SWIFT_ACTIVE_COMPILATION_CONDITIONS = DEBUG;
				SWIFT_OPTIMIZATION_LEVEL = "-Onone";
			};
			name = Debug;
		};
		BAA2C46825C70365000FAB93 /* Release */ = {
			isa = XCBuildConfiguration;
			buildSettings = {
				ALWAYS_SEARCH_USER_PATHS = NO;
				CLANG_ANALYZER_NONNULL = YES;
				CLANG_ANALYZER_NUMBER_OBJECT_CONVERSION = YES_AGGRESSIVE;
				CLANG_CXX_LANGUAGE_STANDARD = "gnu++14";
				CLANG_CXX_LIBRARY = "libc++";
				CLANG_ENABLE_MODULES = YES;
				CLANG_ENABLE_OBJC_ARC = YES;
				CLANG_ENABLE_OBJC_WEAK = YES;
				CLANG_WARN_BLOCK_CAPTURE_AUTORELEASING = YES;
				CLANG_WARN_BOOL_CONVERSION = YES;
				CLANG_WARN_COMMA = YES;
				CLANG_WARN_CONSTANT_CONVERSION = YES;
				CLANG_WARN_DEPRECATED_OBJC_IMPLEMENTATIONS = YES;
				CLANG_WARN_DIRECT_OBJC_ISA_USAGE = YES_ERROR;
				CLANG_WARN_DOCUMENTATION_COMMENTS = YES;
				CLANG_WARN_EMPTY_BODY = YES;
				CLANG_WARN_ENUM_CONVERSION = YES;
				CLANG_WARN_INFINITE_RECURSION = YES;
				CLANG_WARN_INT_CONVERSION = YES;
				CLANG_WARN_NON_LITERAL_NULL_CONVERSION = YES;
				CLANG_WARN_OBJC_IMPLICIT_RETAIN_SELF = YES;
				CLANG_WARN_OBJC_LITERAL_CONVERSION = YES;
				CLANG_WARN_OBJC_ROOT_CLASS = YES_ERROR;
				CLANG_WARN_QUOTED_INCLUDE_IN_FRAMEWORK_HEADER = YES;
				CLANG_WARN_RANGE_LOOP_ANALYSIS = YES;
				CLANG_WARN_STRICT_PROTOTYPES = YES;
				CLANG_WARN_SUSPICIOUS_MOVE = YES;
				CLANG_WARN_UNGUARDED_AVAILABILITY = YES_AGGRESSIVE;
				CLANG_WARN_UNREACHABLE_CODE = YES;
				CLANG_WARN__DUPLICATE_METHOD_MATCH = YES;
				COPY_PHASE_STRIP = NO;
				DEBUG_INFORMATION_FORMAT = "dwarf-with-dsym";
				ENABLE_NS_ASSERTIONS = NO;
				ENABLE_STRICT_OBJC_MSGSEND = YES;
				GCC_C_LANGUAGE_STANDARD = gnu11;
				GCC_NO_COMMON_BLOCKS = YES;
				GCC_WARN_64_TO_32_BIT_CONVERSION = YES;
				GCC_WARN_ABOUT_RETURN_TYPE = YES_ERROR;
				GCC_WARN_UNDECLARED_SELECTOR = YES;
				GCC_WARN_UNINITIALIZED_AUTOS = YES_AGGRESSIVE;
				GCC_WARN_UNUSED_FUNCTION = YES;
				GCC_WARN_UNUSED_VARIABLE = YES;
				IPHONEOS_DEPLOYMENT_TARGET = 14.3;
				MTL_ENABLE_DEBUG_INFO = NO;
				MTL_FAST_MATH = YES;
				SDKROOT = iphoneos;
				SWIFT_COMPILATION_MODE = wholemodule;
				SWIFT_OPTIMIZATION_LEVEL = "-O";
				VALIDATE_PRODUCT = YES;
			};
			name = Release;
		};
		BAA2C46A25C70365000FAB93 /* Debug */ = {
			isa = XCBuildConfiguration;
			buildSettings = {
				ASSETCATALOG_COMPILER_APPICON_NAME = AppIcon;
				ASSETCATALOG_COMPILER_GLOBAL_ACCENT_COLOR_NAME = AccentColor;
				CODE_SIGN_STYLE = Automatic;
				DEVELOPMENT_TEAM = AN8H79QZL4;
				INFOPLIST_FILE = MVVM/Info.plist;
				LD_RUNPATH_SEARCH_PATHS = (
					"$(inherited)",
					"@executable_path/Frameworks",
				);
				PRODUCT_BUNDLE_IDENTIFIER = com.matveycodes.MVVM;
				PRODUCT_NAME = "$(TARGET_NAME)";
				SWIFT_VERSION = 5.0;
				TARGETED_DEVICE_FAMILY = "1,2";
			};
			name = Debug;
		};
		BAA2C46B25C70365000FAB93 /* Release */ = {
			isa = XCBuildConfiguration;
			buildSettings = {
				ASSETCATALOG_COMPILER_APPICON_NAME = AppIcon;
				ASSETCATALOG_COMPILER_GLOBAL_ACCENT_COLOR_NAME = AccentColor;
				CODE_SIGN_STYLE = Automatic;
				DEVELOPMENT_TEAM = AN8H79QZL4;
				INFOPLIST_FILE = MVVM/Info.plist;
				LD_RUNPATH_SEARCH_PATHS = (
					"$(inherited)",
					"@executable_path/Frameworks",
				);
				PRODUCT_BUNDLE_IDENTIFIER = com.matveycodes.MVVM;
				PRODUCT_NAME = "$(TARGET_NAME)";
				SWIFT_VERSION = 5.0;
				TARGETED_DEVICE_FAMILY = "1,2";
			};
			name = Release;
		};
		BAA2C46D25C70365000FAB93 /* Debug */ = {
			isa = XCBuildConfiguration;
			buildSettings = {
				ALWAYS_EMBED_SWIFT_STANDARD_LIBRARIES = YES;
				BUNDLE_LOADER = "$(TEST_HOST)";
				CODE_SIGN_STYLE = Automatic;
				DEVELOPMENT_TEAM = AN8H79QZL4;
				INFOPLIST_FILE = MVVMTests/Info.plist;
				IPHONEOS_DEPLOYMENT_TARGET = 14.3;
				LD_RUNPATH_SEARCH_PATHS = (
					"$(inherited)",
					"@executable_path/Frameworks",
					"@loader_path/Frameworks",
				);
				PRODUCT_BUNDLE_IDENTIFIER = com.matveycodes.MVVMTests;
				PRODUCT_NAME = "$(TARGET_NAME)";
				SWIFT_VERSION = 5.0;
				TARGETED_DEVICE_FAMILY = "1,2";
				TEST_HOST = "$(BUILT_PRODUCTS_DIR)/MVVM.app/MVVM";
			};
			name = Debug;
		};
		BAA2C46E25C70365000FAB93 /* Release */ = {
			isa = XCBuildConfiguration;
			buildSettings = {
				ALWAYS_EMBED_SWIFT_STANDARD_LIBRARIES = YES;
				BUNDLE_LOADER = "$(TEST_HOST)";
				CODE_SIGN_STYLE = Automatic;
				DEVELOPMENT_TEAM = AN8H79QZL4;
				INFOPLIST_FILE = MVVMTests/Info.plist;
				IPHONEOS_DEPLOYMENT_TARGET = 14.3;
				LD_RUNPATH_SEARCH_PATHS = (
					"$(inherited)",
					"@executable_path/Frameworks",
					"@loader_path/Frameworks",
				);
				PRODUCT_BUNDLE_IDENTIFIER = com.matveycodes.MVVMTests;
				PRODUCT_NAME = "$(TARGET_NAME)";
				SWIFT_VERSION = 5.0;
				TARGETED_DEVICE_FAMILY = "1,2";
				TEST_HOST = "$(BUILT_PRODUCTS_DIR)/MVVM.app/MVVM";
			};
			name = Release;
		};
		BAA2C47025C70365000FAB93 /* Debug */ = {
			isa = XCBuildConfiguration;
			buildSettings = {
				ALWAYS_EMBED_SWIFT_STANDARD_LIBRARIES = YES;
				CODE_SIGN_STYLE = Automatic;
				DEVELOPMENT_TEAM = AN8H79QZL4;
				INFOPLIST_FILE = MVVMUITests/Info.plist;
				LD_RUNPATH_SEARCH_PATHS = (
					"$(inherited)",
					"@executable_path/Frameworks",
					"@loader_path/Frameworks",
				);
				PRODUCT_BUNDLE_IDENTIFIER = com.matveycodes.MVVMUITests;
				PRODUCT_NAME = "$(TARGET_NAME)";
				SWIFT_VERSION = 5.0;
				TARGETED_DEVICE_FAMILY = "1,2";
				TEST_TARGET_NAME = MVVM;
			};
			name = Debug;
		};
		BAA2C47125C70365000FAB93 /* Release */ = {
			isa = XCBuildConfiguration;
			buildSettings = {
				ALWAYS_EMBED_SWIFT_STANDARD_LIBRARIES = YES;
				CODE_SIGN_STYLE = Automatic;
				DEVELOPMENT_TEAM = AN8H79QZL4;
				INFOPLIST_FILE = MVVMUITests/Info.plist;
				LD_RUNPATH_SEARCH_PATHS = (
					"$(inherited)",
					"@executable_path/Frameworks",
					"@loader_path/Frameworks",
				);
				PRODUCT_BUNDLE_IDENTIFIER = com.matveycodes.MVVMUITests;
				PRODUCT_NAME = "$(TARGET_NAME)";
				SWIFT_VERSION = 5.0;
				TARGETED_DEVICE_FAMILY = "1,2";
				TEST_TARGET_NAME = MVVM;
			};
			name = Release;
		};
/* End XCBuildConfiguration section */

/* Begin XCConfigurationList section */
		BAA2C43A25C70364000FAB93 /* Build configuration list for PBXProject "MVVM" */ = {
			isa = XCConfigurationList;
			buildConfigurations = (
				BAA2C46725C70365000FAB93 /* Debug */,
				BAA2C46825C70365000FAB93 /* Release */,
			);
			defaultConfigurationIsVisible = 0;
			defaultConfigurationName = Release;
		};
		BAA2C46925C70365000FAB93 /* Build configuration list for PBXNativeTarget "MVVM" */ = {
			isa = XCConfigurationList;
			buildConfigurations = (
				BAA2C46A25C70365000FAB93 /* Debug */,
				BAA2C46B25C70365000FAB93 /* Release */,
			);
			defaultConfigurationIsVisible = 0;
			defaultConfigurationName = Release;
		};
		BAA2C46C25C70365000FAB93 /* Build configuration list for PBXNativeTarget "MVVMTests" */ = {
			isa = XCConfigurationList;
			buildConfigurations = (
				BAA2C46D25C70365000FAB93 /* Debug */,
				BAA2C46E25C70365000FAB93 /* Release */,
			);
			defaultConfigurationIsVisible = 0;
			defaultConfigurationName = Release;
		};
		BAA2C46F25C70365000FAB93 /* Build configuration list for PBXNativeTarget "MVVMUITests" */ = {
			isa = XCConfigurationList;
			buildConfigurations = (
				BAA2C47025C70365000FAB93 /* Debug */,
				BAA2C47125C70365000FAB93 /* Release */,
			);
			defaultConfigurationIsVisible = 0;
			defaultConfigurationName = Release;
		};
/* End XCConfigurationList section */
	};
	rootObject = BAA2C43725C70364000FAB93 /* Project object */;
}
